
Microsoft Visual Studio Solution File, Format Version 12.00
# Visual Studio Version 16
VisualStudioVersion = 16.0.29926.136
MinimumVisualStudioVersion = 10.0.40219.1
Project("{FAE04EC0-301F-11D3-BF4B-00C04F79EFBC}") = "grow-cherry-service", "grow-cherry-service\grow-cherry-service.csproj", "{ECF5057F-5704-4439-94C6-5118F8C2D8ED}"
EndProject
Global
	GlobalSection(SolutionConfigurationPlatforms) = preSolution
		Debug|Any CPU = Debug|Any CPU
		Release|Any CPU = Release|Any CPU
	EndGlobalSection
	GlobalSection(ProjectConfigurationPlatforms) = postSolution
		{ECF5057F-5704-4439-94C6-5118F8C2D8ED}.Debug|Any CPU.ActiveCfg = Debug|Any CPU
		{ECF5057F-5704-4439-94C6-5118F8C2D8ED}.Debug|Any CPU.Build.0 = Debug|Any CPU
		{ECF5057F-5704-4439-94C6-5118F8C2D8ED}.Release|Any CPU.ActiveCfg = Release|Any CPU
		{ECF5057F-5704-4439-94C6-5118F8C2D8ED}.Release|Any CPU.Build.0 = Release|Any CPU
	EndGlobalSection
	GlobalSection(SolutionProperties) = preSolution
		HideSolutionNode = FALSE
	EndGlobalSection
	GlobalSection(ExtensibilityGlobals) = postSolution
		SolutionGuid = {101F708E-1008-479F-9754-B1CB30FA9B70}
	EndGlobalSection
EndGlobal
